// !$*UTF8*$!
{
	archiveVersion = 1;
	classes = {
	};
	objectVersion = 46;
	objects = {

/* Begin PBXBuildFile section */
		18BD7BB11B71B03900257E65 /* main.m in Sources */ = {isa = PBXBuildFile; fileRef = 18BD7BB01B71B03900257E65 /* main.m */; };
		18BD7BB41B71B03900257E65 /* AppDelegate.m in Sources */ = {isa = PBXBuildFile; fileRef = 18BD7BB31B71B03900257E65 /* AppDelegate.m */; };
		18BD7BB71B71B03900257E65 /* ViewController.m in Sources */ = {isa = PBXBuildFile; fileRef = 18BD7BB61B71B03900257E65 /* ViewController.m */; };
		18BD7BBA1B71B03900257E65 /* Main.storyboard in Resources */ = {isa = PBXBuildFile; fileRef = 18BD7BB81B71B03900257E65 /* Main.storyboard */; };
		18BD7BBC1B71B03900257E65 /* Images.xcassets in Resources */ = {isa = PBXBuildFile; fileRef = 18BD7BBB1B71B03900257E65 /* Images.xcassets */; };
		18BD7BBF1B71B03900257E65 /* LaunchScreen.xib in Resources */ = {isa = PBXBuildFile; fileRef = 18BD7BBD1B71B03900257E65 /* LaunchScreen.xib */; };
		18BD7BCB1B71B03900257E65 /* googlePlusTests.m in Sources */ = {isa = PBXBuildFile; fileRef = 18BD7BCA1B71B03900257E65 /* googlePlusTests.m */; };
		18BD7BD51B71BC8100257E65 /* client_secret_932229984048-5bppk4s20cglaqi1mb98tit7vqqteio5.apps.googleusercontent.com.json in Resources */ = {isa = PBXBuildFile; fileRef = 18BD7BD41B71BC8100257E65 /* client_secret_932229984048-5bppk4s20cglaqi1mb98tit7vqqteio5.apps.googleusercontent.com.json */; };
		DDA08144E6EF44DAB2436F4D /* libPods.a in Frameworks */ = {isa = PBXBuildFile; fileRef = 0247236F04CD7A02E3E4B664 /* libPods.a */; };
/* End PBXBuildFile section */

/* Begin PBXContainerItemProxy section */
		18BD7BC51B71B03900257E65 /* PBXContainerItemProxy */ = {
			isa = PBXContainerItemProxy;
			containerPortal = 18BD7BA31B71B03900257E65 /* Project object */;
			proxyType = 1;
			remoteGlobalIDString = 18BD7BAA1B71B03900257E65;
			remoteInfo = googlePlus;
		};
/* End PBXContainerItemProxy section */

/* Begin PBXFileReference section */
		020EBF3732E947ED797353AF /* Pods.release.xcconfig */ = {isa = PBXFileReference; includeInIndex = 1; lastKnownFileType = text.xcconfig; name = Pods.release.xcconfig; path = "Pods/Target Support Files/Pods/Pods.release.xcconfig"; sourceTree = "<group>"; };
		0247236F04CD7A02E3E4B664 /* libPods.a */ = {isa = PBXFileReference; explicitFileType = archive.ar; includeInIndex = 0; path = libPods.a; sourceTree = BUILT_PRODUCTS_DIR; };
		18BD7BAB1B71B03900257E65 /* googlePlus.app */ = {isa = PBXFileReference; explicitFileType = wrapper.application; includeInIndex = 0; path = googlePlus.app; sourceTree = BUILT_PRODUCTS_DIR; };
		18BD7BAF1B71B03900257E65 /* Info.plist */ = {isa = PBXFileReference; lastKnownFileType = text.plist.xml; path = Info.plist; sourceTree = "<group>"; };
		18BD7BB01B71B03900257E65 /* main.m */ = {isa = PBXFileReference; lastKnownFileType = sourcecode.c.objc; path = main.m; sourceTree = "<group>"; };
		18BD7BB21B71B03900257E65 /* AppDelegate.h */ = {isa = PBXFileReference; lastKnownFileType = sourcecode.c.h; path = AppDelegate.h; sourceTree = "<group>"; };
		18BD7BB31B71B03900257E65 /* AppDelegate.m */ = {isa = PBXFileReference; lastKnownFileType = sourcecode.c.objc; path = AppDelegate.m; sourceTree = "<group>"; };
		18BD7BB51B71B03900257E65 /* ViewController.h */ = {isa = PBXFileReference; lastKnownFileType = sourcecode.c.h; path = ViewController.h; sourceTree = "<group>"; };
		18BD7BB61B71B03900257E65 /* ViewController.m */ = {isa = PBXFileReference; lastKnownFileType = sourcecode.c.objc; path = ViewController.m; sourceTree = "<group>"; };
		18BD7BB91B71B03900257E65 /* Base */ = {isa = PBXFileReference; lastKnownFileType = file.storyboard; name = Base; path = Base.lproj/Main.storyboard; sourceTree = "<group>"; };
		18BD7BBB1B71B03900257E65 /* Images.xcassets */ = {isa = PBXFileReference; lastKnownFileType = folder.assetcatalog; path = Images.xcassets; sourceTree = "<group>"; };
		18BD7BBE1B71B03900257E65 /* Base */ = {isa = PBXFileReference; lastKnownFileType = file.xib; name = Base; path = Base.lproj/LaunchScreen.xib; sourceTree = "<group>"; };
		18BD7BC41B71B03900257E65 /* googlePlusTests.xctest */ = {isa = PBXFileReference; explicitFileType = wrapper.cfbundle; includeInIndex = 0; path = googlePlusTests.xctest; sourceTree = BUILT_PRODUCTS_DIR; };
		18BD7BC91B71B03900257E65 /* Info.plist */ = {isa = PBXFileReference; lastKnownFileType = text.plist.xml; path = Info.plist; sourceTree = "<group>"; };
		18BD7BCA1B71B03900257E65 /* googlePlusTests.m */ = {isa = PBXFileReference; lastKnownFileType = sourcecode.c.objc; path = googlePlusTests.m; sourceTree = "<group>"; };
		18BD7BD41B71BC8100257E65 /* client_secret_932229984048-5bppk4s20cglaqi1mb98tit7vqqteio5.apps.googleusercontent.com.json */ = {isa = PBXFileReference; fileEncoding = 4; lastKnownFileType = text.json; path = "client_secret_932229984048-5bppk4s20cglaqi1mb98tit7vqqteio5.apps.googleusercontent.com.json"; sourceTree = "<group>"; };
		686DFAC9408F861782CBED14 /* Pods.debug.xcconfig */ = {isa = PBXFileReference; includeInIndex = 1; lastKnownFileType = text.xcconfig; name = Pods.debug.xcconfig; path = "Pods/Target Support Files/Pods/Pods.debug.xcconfig"; sourceTree = "<group>"; };
/* End PBXFileReference section */

/* Begin PBXFrameworksBuildPhase section */
		18BD7BA81B71B03900257E65 /* Frameworks */ = {
			isa = PBXFrameworksBuildPhase;
			buildActionMask = 2147483647;
			files = (
				DDA08144E6EF44DAB2436F4D /* libPods.a in Frameworks */,
			);
			runOnlyForDeploymentPostprocessing = 0;
		};
		18BD7BC11B71B03900257E65 /* Frameworks */ = {
			isa = PBXFrameworksBuildPhase;
			buildActionMask = 2147483647;
			files = (
			);
			runOnlyForDeploymentPostprocessing = 0;
		};
/* End PBXFrameworksBuildPhase section */

/* Begin PBXGroup section */
		18BD7BA21B71B03900257E65 = {
			isa = PBXGroup;
			children = (
				18BD7BAD1B71B03900257E65 /* googlePlus */,
				18BD7BC71B71B03900257E65 /* googlePlusTests */,
				18BD7BAC1B71B03900257E65 /* Products */,
				FFAEE4964551DA4B534FB384 /* Pods */,
				5EE579B8F3E8590E4182A9EB /* Frameworks */,
			);
			sourceTree = "<group>";
		};
		18BD7BAC1B71B03900257E65 /* Products */ = {
			isa = PBXGroup;
			children = (
				18BD7BAB1B71B03900257E65 /* googlePlus.app */,
				18BD7BC41B71B03900257E65 /* googlePlusTests.xctest */,
			);
			name = Products;
			sourceTree = "<group>";
		};
		18BD7BAD1B71B03900257E65 /* googlePlus */ = {
			isa = PBXGroup;
			children = (
				18BD7BB21B71B03900257E65 /* AppDelegate.h */,
				18BD7BB31B71B03900257E65 /* AppDelegate.m */,
				18BD7BB51B71B03900257E65 /* ViewController.h */,
				18BD7BB61B71B03900257E65 /* ViewController.m */,
				18BD7BB81B71B03900257E65 /* Main.storyboard */,
				18BD7BBB1B71B03900257E65 /* Images.xcassets */,
				18BD7BBD1B71B03900257E65 /* LaunchScreen.xib */,
				18BD7BAE1B71B03900257E65 /* Supporting Files */,
			);
			path = googlePlus;
			sourceTree = "<group>";
		};
		18BD7BAE1B71B03900257E65 /* Supporting Files */ = {
			isa = PBXGroup;
			children = (
				18BD7BD41B71BC8100257E65 /* client_secret_932229984048-5bppk4s20cglaqi1mb98tit7vqqteio5.apps.googleusercontent.com.json */,
				18BD7BAF1B71B03900257E65 /* Info.plist */,
				18BD7BB01B71B03900257E65 /* main.m */,
			);
			name = "Supporting Files";
			sourceTree = "<group>";
		};
		18BD7BC71B71B03900257E65 /* googlePlusTests */ = {
			isa = PBXGroup;
			children = (
				18BD7BCA1B71B03900257E65 /* googlePlusTests.m */,
				18BD7BC81B71B03900257E65 /* Supporting Files */,
			);
			path = googlePlusTests;
			sourceTree = "<group>";
		};
		18BD7BC81B71B03900257E65 /* Supporting Files */ = {
			isa = PBXGroup;
			children = (
				18BD7BC91B71B03900257E65 /* Info.plist */,
			);
			name = "Supporting Files";
			sourceTree = "<group>";
		};
		5EE579B8F3E8590E4182A9EB /* Frameworks */ = {
			isa = PBXGroup;
			children = (
				0247236F04CD7A02E3E4B664 /* libPods.a */,
			);
			name = Frameworks;
			sourceTree = "<group>";
		};
		FFAEE4964551DA4B534FB384 /* Pods */ = {
			isa = PBXGroup;
			children = (
				686DFAC9408F861782CBED14 /* Pods.debug.xcconfig */,
				020EBF3732E947ED797353AF /* Pods.release.xcconfig */,
			);
			name = Pods;
			sourceTree = "<group>";
		};
/* End PBXGroup section */

/* Begin PBXNativeTarget section */
		18BD7BAA1B71B03900257E65 /* googlePlus */ = {
			isa = PBXNativeTarget;
			buildConfigurationList = 18BD7BCE1B71B03900257E65 /* Build configuration list for PBXNativeTarget "googlePlus" */;
			buildPhases = (
				7D8295A73810FBE9CC040C80 /* Check Pods Manifest.lock */,
				18BD7BA71B71B03900257E65 /* Sources */,
				18BD7BA81B71B03900257E65 /* Frameworks */,
				18BD7BA91B71B03900257E65 /* Resources */,
				453C30755ED1F660FBD0BB04 /* Copy Pods Resources */,
			);
			buildRules = (
			);
			dependencies = (
			);
			name = googlePlus;
			productName = googlePlus;
			productReference = 18BD7BAB1B71B03900257E65 /* googlePlus.app */;
			productType = "com.apple.product-type.application";
		};
		18BD7BC31B71B03900257E65 /* googlePlusTests */ = {
			isa = PBXNativeTarget;
			buildConfigurationList = 18BD7BD11B71B03900257E65 /* Build configuration list for PBXNativeTarget "googlePlusTests" */;
			buildPhases = (
				18BD7BC01B71B03900257E65 /* Sources */,
				18BD7BC11B71B03900257E65 /* Frameworks */,
				18BD7BC21B71B03900257E65 /* Resources */,
			);
			buildRules = (
			);
			dependencies = (
				18BD7BC61B71B03900257E65 /* PBXTargetDependency */,
			);
			name = googlePlusTests;
			productName = googlePlusTests;
			productReference = 18BD7BC41B71B03900257E65 /* googlePlusTests.xctest */;
			productType = "com.apple.product-type.bundle.unit-test";
		};
/* End PBXNativeTarget section */

/* Begin PBXProject section */
		18BD7BA31B71B03900257E65 /* Project object */ = {
			isa = PBXProject;
			attributes = {
				LastUpgradeCheck = 0640;
				ORGANIZATIONNAME = justin;
				TargetAttributes = {
					18BD7BAA1B71B03900257E65 = {
						CreatedOnToolsVersion = 6.4;
					};
					18BD7BC31B71B03900257E65 = {
						CreatedOnToolsVersion = 6.4;
						TestTargetID = 18BD7BAA1B71B03900257E65;
					};
				};
			};
			buildConfigurationList = 18BD7BA61B71B03900257E65 /* Build configuration list for PBXProject "googlePlus" */;
			compatibilityVersion = "Xcode 3.2";
			developmentRegion = English;
			hasScannedForEncodings = 0;
			knownRegions = (
				en,
				Base,
			);
			mainGroup = 18BD7BA21B71B03900257E65;
			productRefGroup = 18BD7BAC1B71B03900257E65 /* Products */;
			projectDirPath = "";
			projectRoot = "";
			targets = (
				18BD7BAA1B71B03900257E65 /* googlePlus */,
				18BD7BC31B71B03900257E65 /* googlePlusTests */,
			);
		};
/* End PBXProject section */

/* Begin PBXResourcesBuildPhase section */
		18BD7BA91B71B03900257E65 /* Resources */ = {
			isa = PBXResourcesBuildPhase;
			buildActionMask = 2147483647;
			files = (
				18BD7BBA1B71B03900257E65 /* Main.storyboard in Resources */,
				18BD7BBF1B71B03900257E65 /* LaunchScreen.xib in Resources */,
				18BD7BD51B71BC8100257E65 /* client_secret_932229984048-5bppk4s20cglaqi1mb98tit7vqqteio5.apps.googleusercontent.com.json in Resources */,
				18BD7BBC1B71B03900257E65 /* Images.xcassets in Resources */,
			);
			runOnlyForDeploymentPostprocessing = 0;
		};
		18BD7BC21B71B03900257E65 /* Resources */ = {
			isa = PBXResourcesBuildPhase;
			buildActionMask = 2147483647;
			files = (
			);
			runOnlyForDeploymentPostprocessing = 0;
		};
/* End PBXResourcesBuildPhase section */

/* Begin PBXShellScriptBuildPhase section */
		453C30755ED1F660FBD0BB04 /* Copy Pods Resources */ = {
			isa = PBXShellScriptBuildPhase;
			buildActionMask = 2147483647;
			files = (
			);
			inputPaths = (
			);
			name = "Copy Pods Resources";
			outputPaths = (
			);
			runOnlyForDeploymentPostprocessing = 0;
			shellPath = /bin/sh;
			shellScript = "\"${SRCROOT}/Pods/Target Support Files/Pods/Pods-resources.sh\"\n";
			showEnvVarsInLog = 0;
		};
		7D8295A73810FBE9CC040C80 /* Check Pods Manifest.lock */ = {
			isa = PBXShellScriptBuildPhase;
			buildActionMask = 2147483647;
			files = (
			);
			inputPaths = (
			);
			name = "Check Pods Manifest.lock";
			outputPaths = (
			);
			runOnlyForDeploymentPostprocessing = 0;
			shellPath = /bin/sh;
			shellScript = "diff \"${PODS_ROOT}/../Podfile.lock\" \"${PODS_ROOT}/Manifest.lock\" > /dev/null\nif [[ $? != 0 ]] ; then\n    cat << EOM\nerror: The sandbox is not in sync with the Podfile.lock. Run 'pod install' or update your CocoaPods installation.\nEOM\n    exit 1\nfi\n";
			showEnvVarsInLog = 0;
		};
/* End PBXShellScriptBuildPhase section */

/* Begin PBXSourcesBuildPhase section */
		18BD7BA71B71B03900257E65 /* Sources */ = {
			isa = PBXSourcesBuildPhase;
			buildActionMask = 2147483647;
			files = (
				18BD7BB71B71B03900257E65 /* ViewController.m in Sources */,
				18BD7BB41B71B03900257E65 /* AppDelegate.m in Sources */,
				18BD7BB11B71B03900257E65 /* main.m in Sources */,
			);
			runOnlyForDeploymentPostprocessing = 0;
		};
		18BD7BC01B71B03900257E65 /* Sources */ = {
			isa = PBXSourcesBuildPhase;
			buildActionMask = 2147483647;
			files = (
				18BD7BCB1B71B03900257E65 /* googlePlusTests.m in Sources */,
			);
			runOnlyForDeploymentPostprocessing = 0;
		};
/* End PBXSourcesBuildPhase section */

/* Begin PBXTargetDependency section */
		18BD7BC61B71B03900257E65 /* PBXTargetDependency */ = {
			isa = PBXTargetDependency;
			target = 18BD7BAA1B71B03900257E65 /* googlePlus */;
			targetProxy = 18BD7BC51B71B03900257E65 /* PBXContainerItemProxy */;
		};
/* End PBXTargetDependency section */

/* Begin PBXVariantGroup section */
		18BD7BB81B71B03900257E65 /* Main.storyboard */ = {
			isa = PBXVariantGroup;
			children = (
				18BD7BB91B71B03900257E65 /* Base */,
			);
			name = Main.storyboard;
			sourceTree = "<group>";
		};
		18BD7BBD1B71B03900257E65 /* LaunchScreen.xib */ = {
			isa = PBXVariantGroup;
			children = (
				18BD7BBE1B71B03900257E65 /* Base */,
			);
			name = LaunchScreen.xib;
			sourceTree = "<group>";
		};
/* End PBXVariantGroup section */

/* Begin XCBuildConfiguration section */
		18BD7BCC1B71B03900257E65 /* Debug */ = {
			isa = XCBuildConfiguration;
			buildSettings = {
				ALWAYS_SEARCH_USER_PATHS = NO;
				CLANG_CXX_LANGUAGE_STANDARD = "gnu++0x";
				CLANG_CXX_LIBRARY = "libc++";
				CLANG_ENABLE_MODULES = YES;
				CLANG_ENABLE_OBJC_ARC = YES;
				CLANG_WARN_BOOL_CONVERSION = YES;
				CLANG_WARN_CONSTANT_CONVERSION = YES;
				CLANG_WARN_DIRECT_OBJC_ISA_USAGE = YES_ERROR;
				CLANG_WARN_EMPTY_BODY = YES;
				CLANG_WARN_ENUM_CONVERSION = YES;
				CLANG_WARN_INT_CONVERSION = YES;
				CLANG_WARN_OBJC_ROOT_CLASS = YES_ERROR;
				CLANG_WARN_UNREACHABLE_CODE = YES;
				CLANG_WARN__DUPLICATE_METHOD_MATCH = YES;
				"CODE_SIGN_IDENTITY[sdk=iphoneos*]" = "iPhone Developer";
				COPY_PHASE_STRIP = NO;
				DEBUG_INFORMATION_FORMAT = "dwarf-with-dsym";
				ENABLE_STRICT_OBJC_MSGSEND = YES;
				GCC_C_LANGUAGE_STANDARD = gnu99;
				GCC_DYNAMIC_NO_PIC = NO;
				GCC_NO_COMMON_BLOCKS = YES;
				GCC_OPTIMIZATION_LEVEL = 0;
				GCC_PREPROCESSOR_DEFINITIONS = (
					"DEBUG=1",
					"$(inherited)",
				);
				GCC_SYMBOLS_PRIVATE_EXTERN = NO;
				GCC_WARN_64_TO_32_BIT_CONVERSION = YES;
				GCC_WARN_ABOUT_RETURN_TYPE = YES_ERROR;
				GCC_WARN_UNDECLARED_SELECTOR = YES;
				GCC_WARN_UNINITIALIZED_AUTOS = YES_AGGRESSIVE;
				GCC_WARN_UNUSED_FUNCTION = YES;
				GCC_WARN_UNUSED_VARIABLE = YES;
				IPHONEOS_DEPLOYMENT_TARGET = 8.4;
				MTL_ENABLE_DEBUG_INFO = YES;
				ONLY_ACTIVE_ARCH = YES;
				SDKROOT = iphoneos;
			};
			name = Debug;
		};
		18BD7BCD1B71B03900257E65 /* Release */ = {
			isa = XCBuildConfiguration;
			buildSettings = {
				ALWAYS_SEARCH_USER_PATHS = NO;
				CLANG_CXX_LANGUAGE_STANDARD = "gnu++0x";
				CLANG_CXX_LIBRARY = "libc++";
				CLANG_ENABLE_MODULES = YES;
				CLANG_ENABLE_OBJC_ARC = YES;
				CLANG_WARN_BOOL_CONVERSION = YES;
				CLANG_WARN_CONSTANT_CONVERSION = YES;
				CLANG_WARN_DIRECT_OBJC_ISA_USAGE = YES_ERROR;
				CLANG_WARN_EMPTY_BODY = YES;
				CLANG_WARN_ENUM_CONVERSION = YES;
				CLANG_WARN_INT_CONVERSION = YES;
				CLANG_WARN_OBJC_ROOT_CLASS = YES_ERROR;
				CLANG_WARN_UNREACHABLE_CODE = YES;
				CLANG_WARN__DUPLICATE_METHOD_MATCH = YES;
				"CODE_SIGN_IDENTITY[sdk=iphoneos*]" = "iPhone Developer";
				COPY_PHASE_STRIP = NO;
				DEBUG_INFORMATION_FORMAT = "dwarf-with-dsym";
				ENABLE_NS_ASSERTIONS = NO;
				ENABLE_STRICT_OBJC_MSGSEND = YES;
				GCC_C_LANGUAGE_STANDARD = gnu99;
				GCC_NO_COMMON_BLOCKS = YES;
				GCC_WARN_64_TO_32_BIT_CONVERSION = YES;
				GCC_WARN_ABOUT_RETURN_TYPE = YES_ERROR;
				GCC_WARN_UNDECLARED_SELECTOR = YES;
				GCC_WARN_UNINITIALIZED_AUTOS = YES_AGGRESSIVE;
				GCC_WARN_UNUSED_FUNCTION = YES;
				GCC_WARN_UNUSED_VARIABLE = YES;
				IPHONEOS_DEPLOYMENT_TARGET = 8.4;
				MTL_ENABLE_DEBUG_INFO = NO;
				SDKROOT = iphoneos;
				VALIDATE_PRODUCT = YES;
			};
			name = Release;
		};
		18BD7BCF1B71B03900257E65 /* Debug */ = {
			isa = XCBuildConfiguration;
			baseConfigurationReference = 686DFAC9408F861782CBED14 /* Pods.debug.xcconfig */;
			buildSettings = {
				ASSETCATALOG_COMPILER_APPICON_NAME = AppIcon;
				INFOPLIST_FILE = googlePlus/Info.plist;
				LD_RUNPATH_SEARCH_PATHS = "$(inherited) @executable_path/Frameworks";
				PRODUCT_NAME = "$(TARGET_NAME)";
			};
			name = Debug;
		};
		18BD7BD01B71B03900257E65 /* Release */ = {
			isa = XCBuildConfiguration;
			baseConfigurationReference = 020EBF3732E947ED797353AF /* Pods.release.xcconfig */;
			buildSettings = {
				ASSETCATALOG_COMPILER_APPICON_NAME = AppIcon;
				INFOPLIST_FILE = googlePlus/Info.plist;
				LD_RUNPATH_SEARCH_PATHS = "$(inherited) @executable_path/Frameworks";
				PRODUCT_NAME = "$(TARGET_NAME)";
			};
			name = Release;
		};
		18BD7BD21B71B03900257E65 /* Debug */ = {
			isa = XCBuildConfiguration;
			buildSettings = {
				BUNDLE_LOADER = "$(TEST_HOST)";
				FRAMEWORK_SEARCH_PATHS = (
					"$(SDKROOT)/Developer/Library/Frameworks",
					"$(inherited)",
				);
				GCC_PREPROCESSOR_DEFINITIONS = (
					"DEBUG=1",
					"$(inherited)",
				);
				INFOPLIST_FILE = googlePlusTests/Info.plist;
				LD_RUNPATH_SEARCH_PATHS = "$(inherited) @executable_path/Frameworks @loader_path/Frameworks";
				PRODUCT_NAME = "$(TARGET_NAME)";
				TEST_HOST = "$(BUILT_PRODUCTS_DIR)/googlePlus.app/googlePlus";
			};
			name = Debug;
		};
		18BD7BD31B71B03900257E65 /* Release */ = {
			isa = XCBuildConfiguration;
			buildSettings = {
				BUNDLE_LOADER = "$(TEST_HOST)";
				FRAMEWORK_SEARCH_PATHS = (
					"$(SDKROOT)/Developer/Library/Frameworks",
					"$(inherited)",
				);
				INFOPLIST_FILE = googlePlusTests/Info.plist;
				LD_RUNPATH_SEARCH_PATHS = "$(inherited) @executable_path/Frameworks @loader_path/Frameworks";
				PRODUCT_NAME = "$(TARGET_NAME)";
				TEST_HOST = "$(BUILT_PRODUCTS_DIR)/googlePlus.app/googlePlus";
			};
			name = Release;
		};
/* End XCBuildConfiguration section */

/* Begin XCConfigurationList section */
		18BD7BA61B71B03900257E65 /* Build configuration list for PBXProject "googlePlus" */ = {
			isa = XCConfigurationList;
			buildConfigurations = (
				18BD7BCC1B71B03900257E65 /* Debug */,
				18BD7BCD1B71B03900257E65 /* Release */,
			);
			defaultConfigurationIsVisible = 0;
			defaultConfigurationName = Release;
		};
		18BD7BCE1B71B03900257E65 /* Build configuration list for PBXNativeTarget "googlePlus" */ = {
			isa = XCConfigurationList;
			buildConfigurations = (
				18BD7BCF1B71B03900257E65 /* Debug */,
				18BD7BD01B71B03900257E65 /* Release */,
			);
			defaultConfigurationIsVisible = 0;
			defaultConfigurationName = Release;
		};
		18BD7BD11B71B03900257E65 /* Build configuration list for PBXNativeTarget "googlePlusTests" */ = {
			isa = XCConfigurationList;
			buildConfigurations = (
				18BD7BD21B71B03900257E65 /* Debug */,
				18BD7BD31B71B03900257E65 /* Release */,
			);
			defaultConfigurationIsVisible = 0;
			defaultConfigurationName = Release;
		};
/* End XCConfigurationList section */
	};
	rootObject = 18BD7BA31B71B03900257E65 /* Project object */;
}
